<?xml version="1.0" encoding="utf-8"?>
<Project ToolsVersion="4.0" xmlns="http://schemas.microsoft.com/developer/msbuild/2003">
  <ItemGroup>
    <ClCompile Include="main.c" />
    <ClCompile Include="dispatch.c" />
    <ClCompile Include="file_filter.c" />
    <ClCompile Include="protect.c" />
    <ClCompile Include="notify_routine.c" />
    <ClCompile Include="utils.c" />
  </ItemGroup>
  <ItemGroup>
    <ClInclude Include="cekp.h" />
    <ClInclude Include="native.h">
      <Filter>native</Filter>
    </ClInclude>
  </ItemGroup>
  <ItemGroup>
    <Filter Include="native">
      <UniqueIdentifier>{da179a92-bb05-41fe-a9f6-276612cd0b63}</UniqueIdentifier>
    </Filter>
  </ItemGroup>
</Project>